// !$*UTF8*$!
{
	archiveVersion = 1;
	classes = {
	};
	objectVersion = 46;
	objects = {

/* Begin PBXBuildFile section */
		9C72F6691E6B3F9400A3D33B /* fillTest.cpp in Sources */ = {isa = PBXBuildFile; fileRef = 9C72F6641E6B3F9400A3D33B /* fillTest.cpp */; };
		9C72F66A1E6B3F9400A3D33B /* Rasterizer.cpp in Sources */ = {isa = PBXBuildFile; fileRef = 9C72F6651E6B3F9400A3D33B /* Rasterizer.cpp */; };
		9C72F66B1E6B3F9400A3D33B /* simpleCanvas.cpp in Sources */ = {isa = PBXBuildFile; fileRef = 9C72F6671E6B3F9400A3D33B /* simpleCanvas.cpp */; };
		9CD7F8A21E5526E80095A10E /* sfml-audio.framework in Frameworks */ = {isa = PBXBuildFile; fileRef = 9CD7F89C1E5526E80095A10E /* sfml-audio.framework */; };
		9CD7F8A31E5526E80095A10E /* sfml-graphics.framework in Frameworks */ = {isa = PBXBuildFile; fileRef = 9CD7F89D1E5526E80095A10E /* sfml-graphics.framework */; };
		9CD7F8A41E5526E80095A10E /* sfml-network.framework in Frameworks */ = {isa = PBXBuildFile; fileRef = 9CD7F89E1E5526E80095A10E /* sfml-network.framework */; };
		9CD7F8A51E5526E80095A10E /* sfml-system.framework in Frameworks */ = {isa = PBXBuildFile; fileRef = 9CD7F89F1E5526E80095A10E /* sfml-system.framework */; };
		9CD7F8A61E5526E80095A10E /* sfml-window.framework in Frameworks */ = {isa = PBXBuildFile; fileRef = 9CD7F8A01E5526E80095A10E /* sfml-window.framework */; };
		9CD7F8A71E5526E80095A10E /* SFML.framework in Frameworks */ = {isa = PBXBuildFile; fileRef = 9CD7F8A11E5526E80095A10E /* SFML.framework */; };
/* End PBXBuildFile section */

/* Begin PBXCopyFilesBuildPhase section */
		9CD7F88F1E5526CA0095A10E /* CopyFiles */ = {
			isa = PBXCopyFilesBuildPhase;
			buildActionMask = 2147483647;
			dstPath = /usr/share/man/man1/;
			dstSubfolderSpec = 0;
			files = (
			);
			runOnlyForDeploymentPostprocessing = 1;
		};
/* End PBXCopyFilesBuildPhase section */

/* Begin PBXFileReference section */
		9C72F6641E6B3F9400A3D33B /* fillTest.cpp */ = {isa = PBXFileReference; fileEncoding = 4; lastKnownFileType = sourcecode.cpp.cpp; path = fillTest.cpp; sourceTree = "<group>"; };
		9C72F6651E6B3F9400A3D33B /* Rasterizer.cpp */ = {isa = PBXFileReference; fileEncoding = 4; lastKnownFileType = sourcecode.cpp.cpp; path = Rasterizer.cpp; sourceTree = "<group>"; };
		9C72F6661E6B3F9400A3D33B /* Rasterizer.h */ = {isa = PBXFileReference; fileEncoding = 4; lastKnownFileType = sourcecode.c.h; path = Rasterizer.h; sourceTree = "<group>"; };
		9C72F6671E6B3F9400A3D33B /* simpleCanvas.cpp */ = {isa = PBXFileReference; fileEncoding = 4; lastKnownFileType = sourcecode.cpp.cpp; path = simpleCanvas.cpp; sourceTree = "<group>"; };
		9C72F6681E6B3F9400A3D33B /* simpleCanvas.h */ = {isa = PBXFileReference; fileEncoding = 4; lastKnownFileType = sourcecode.c.h; path = simpleCanvas.h; sourceTree = "<group>"; };
		9CD7F8911E5526CA0095A10E /* CS537PA2 */ = {isa = PBXFileReference; explicitFileType = "compiled.mach-o.executable"; includeInIndex = 0; path = CS537PA2; sourceTree = BUILT_PRODUCTS_DIR; };
		9CD7F89C1E5526E80095A10E /* sfml-audio.framework */ = {isa = PBXFileReference; lastKnownFileType = wrapper.framework; name = "sfml-audio.framework"; path = "Frameworks/sfml-audio.framework"; sourceTree = "<group>"; };
		9CD7F89D1E5526E80095A10E /* sfml-graphics.framework */ = {isa = PBXFileReference; lastKnownFileType = wrapper.framework; name = "sfml-graphics.framework"; path = "Frameworks/sfml-graphics.framework"; sourceTree = "<group>"; };
		9CD7F89E1E5526E80095A10E /* sfml-network.framework */ = {isa = PBXFileReference; lastKnownFileType = wrapper.framework; name = "sfml-network.framework"; path = "Frameworks/sfml-network.framework"; sourceTree = "<group>"; };
		9CD7F89F1E5526E80095A10E /* sfml-system.framework */ = {isa = PBXFileReference; lastKnownFileType = wrapper.framework; name = "sfml-system.framework"; path = "Frameworks/sfml-system.framework"; sourceTree = "<group>"; };
		9CD7F8A01E5526E80095A10E /* sfml-window.framework */ = {isa = PBXFileReference; lastKnownFileType = wrapper.framework; name = "sfml-window.framework"; path = "Frameworks/sfml-window.framework"; sourceTree = "<group>"; };
		9CD7F8A11E5526E80095A10E /* SFML.framework */ = {isa = PBXFileReference; lastKnownFileType = wrapper.framework; name = SFML.framework; path = Frameworks/SFML.framework; sourceTree = "<group>"; };
/* End PBXFileReference section */

/* Begin PBXFrameworksBuildPhase section */
		9CD7F88E1E5526CA0095A10E /* Frameworks */ = {
			isa = PBXFrameworksBuildPhase;
			buildActionMask = 2147483647;
			files = (
				9CD7F8A21E5526E80095A10E /* sfml-audio.framework in Frameworks */,
				9CD7F8A31E5526E80095A10E /* sfml-graphics.framework in Frameworks */,
				9CD7F8A41E5526E80095A10E /* sfml-network.framework in Frameworks */,
				9CD7F8A51E5526E80095A10E /* sfml-system.framework in Frameworks */,
				9CD7F8A61E5526E80095A10E /* sfml-window.framework in Frameworks */,
				9CD7F8A71E5526E80095A10E /* SFML.framework in Frameworks */,
			);
			runOnlyForDeploymentPostprocessing = 0;
		};
/* End PBXFrameworksBuildPhase section */

/* Begin PBXGroup section */
		9CD7F8881E5526CA0095A10E = {
			isa = PBXGroup;
			children = (
				9CD7F8931E5526CA0095A10E /* CS537PA2 */,
				9CD7F8921E5526CA0095A10E /* Products */,
				9CD7F89B1E5526E80095A10E /* Frameworks */,
			);
			sourceTree = "<group>";
		};
		9CD7F8921E5526CA0095A10E /* Products */ = {
			isa = PBXGroup;
			children = (
				9CD7F8911E5526CA0095A10E /* CS537PA2 */,
			);
			name = Products;
			sourceTree = "<group>";
		};
		9CD7F8931E5526CA0095A10E /* CS537PA2 */ = {
			isa = PBXGroup;
			children = (
				9C72F6641E6B3F9400A3D33B /* fillTest.cpp */,
				9C72F6651E6B3F9400A3D33B /* Rasterizer.cpp */,
				9C72F6661E6B3F9400A3D33B /* Rasterizer.h */,
				9C72F6671E6B3F9400A3D33B /* simpleCanvas.cpp */,
				9C72F6681E6B3F9400A3D33B /* simpleCanvas.h */,
			);
			path = CS537PA2;
			sourceTree = "<group>";
		};
		9CD7F89B1E5526E80095A10E /* Frameworks */ = {
			isa = PBXGroup;
			children = (
				9CD7F89C1E5526E80095A10E /* sfml-audio.framework */,
				9CD7F89D1E5526E80095A10E /* sfml-graphics.framework */,
				9CD7F89E1E5526E80095A10E /* sfml-network.framework */,
				9CD7F89F1E5526E80095A10E /* sfml-system.framework */,
				9CD7F8A01E5526E80095A10E /* sfml-window.framework */,
				9CD7F8A11E5526E80095A10E /* SFML.framework */,
			);
			name = Frameworks;
			sourceTree = "<group>";
		};
/* End PBXGroup section */

/* Begin PBXNativeTarget section */
		9CD7F8901E5526CA0095A10E /* CS537PA2 */ = {
			isa = PBXNativeTarget;
			buildConfigurationList = 9CD7F8981E5526CA0095A10E /* Build configuration list for PBXNativeTarget "CS537PA2" */;
			buildPhases = (
				9CD7F88D1E5526CA0095A10E /* Sources */,
				9CD7F88E1E5526CA0095A10E /* Frameworks */,
				9CD7F88F1E5526CA0095A10E /* CopyFiles */,
			);
			buildRules = (
			);
			dependencies = (
			);
			name = CS537PA2;
			productName = CS537PA2;
			productReference = 9CD7F8911E5526CA0095A10E /* CS537PA2 */;
			productType = "com.apple.product-type.tool";
		};
/* End PBXNativeTarget section */

/* Begin PBXProject section */
		9CD7F8891E5526CA0095A10E /* Project object */ = {
			isa = PBXProject;
			attributes = {
				LastUpgradeCheck = 0820;
				ORGANIZATIONNAME = "Yudong Cao";
				TargetAttributes = {
					9CD7F8901E5526CA0095A10E = {
						CreatedOnToolsVersion = 8.2.1;
						DevelopmentTeam = GUU7RMJ73D;
						ProvisioningStyle = Automatic;
					};
				};
			};
			buildConfigurationList = 9CD7F88C1E5526CA0095A10E /* Build configuration list for PBXProject "CS537PA2" */;
			compatibilityVersion = "Xcode 3.2";
			developmentRegion = English;
			hasScannedForEncodings = 0;
			knownRegions = (
				en,
			);
			mainGroup = 9CD7F8881E5526CA0095A10E;
			productRefGroup = 9CD7F8921E5526CA0095A10E /* Products */;
			projectDirPath = "";
			projectRoot = "";
			targets = (
				9CD7F8901E5526CA0095A10E /* CS537PA2 */,
			);
		};
/* End PBXProject section */

/* Begin PBXSourcesBuildPhase section */
		9CD7F88D1E5526CA0095A10E /* Sources */ = {
			isa = PBXSourcesBuildPhase;
			buildActionMask = 2147483647;
			files = (
				9C72F66B1E6B3F9400A3D33B /* simpleCanvas.cpp in Sources */,
				9C72F66A1E6B3F9400A3D33B /* Rasterizer.cpp in Sources */,
				9C72F6691E6B3F9400A3D33B /* fillTest.cpp in Sources */,
			);
			runOnlyForDeploymentPostprocessing = 0;
		};
/* End PBXSourcesBuildPhase section */

/* Begin XCBuildConfiguration section */
		9CD7F8961E5526CA0095A10E /* Debug */ = {
			isa = XCBuildConfiguration;
			buildSettings = {
				ALWAYS_SEARCH_USER_PATHS = NO;
				CLANG_ANALYZER_NONNULL = YES;
				CLANG_CXX_LANGUAGE_STANDARD = "gnu++0x";
				CLANG_CXX_LIBRARY = "libc++";
				CLANG_ENABLE_MODULES = YES;
				CLANG_ENABLE_OBJC_ARC = YES;
				CLANG_WARN_BOOL_CONVERSION = YES;
				CLANG_WARN_CONSTANT_CONVERSION = YES;
				CLANG_WARN_DIRECT_OBJC_ISA_USAGE = YES_ERROR;
				CLANG_WARN_DOCUMENTATION_COMMENTS = YES;
				CLANG_WARN_EMPTY_BODY = YES;
				CLANG_WARN_ENUM_CONVERSION = YES;
				CLANG_WARN_INFINITE_RECURSION = YES;
				CLANG_WARN_INT_CONVERSION = YES;
				CLANG_WARN_OBJC_ROOT_CLASS = YES_ERROR;
				CLANG_WARN_SUSPICIOUS_MOVE = YES;
				CLANG_WARN_UNREACHABLE_CODE = YES;
				CLANG_WARN__DUPLICATE_METHOD_MATCH = YES;
				CODE_SIGN_IDENTITY = "-";
				COPY_PHASE_STRIP = NO;
				DEBUG_INFORMATION_FORMAT = dwarf;
				ENABLE_STRICT_OBJC_MSGSEND = YES;
				ENABLE_TESTABILITY = YES;
				GCC_C_LANGUAGE_STANDARD = gnu99;
				GCC_DYNAMIC_NO_PIC = NO;
				GCC_NO_COMMON_BLOCKS = YES;
				GCC_OPTIMIZATION_LEVEL = 0;
				GCC_PREPROCESSOR_DEFINITIONS = (
					"DEBUG=1",
					"$(inherited)",
				);
				GCC_WARN_64_TO_32_BIT_CONVERSION = YES;
				GCC_WARN_ABOUT_RETURN_TYPE = YES_ERROR;
				GCC_WARN_UNDECLARED_SELECTOR = YES;
				GCC_WARN_UNINITIALIZED_AUTOS = YES_AGGRESSIVE;
				GCC_WARN_UNUSED_FUNCTION = YES;
				GCC_WARN_UNUSED_VARIABLE = YES;
				MACOSX_DEPLOYMENT_TARGET = 10.12;
				MTL_ENABLE_DEBUG_INFO = YES;
				ONLY_ACTIVE_ARCH = YES;
				SDKROOT = macosx;
			};
			name = Debug;
		};
		9CD7F8971E5526CA0095A10E /* Release */ = {
			isa = XCBuildConfiguration;
			buildSettings = {
				ALWAYS_SEARCH_USER_PATHS = NO;
				CLANG_ANALYZER_NONNULL = YES;
				CLANG_CXX_LANGUAGE_STANDARD = "gnu++0x";
				CLANG_CXX_LIBRARY = "libc++";
				CLANG_ENABLE_MODULES = YES;
				CLANG_ENABLE_OBJC_ARC = YES;
				CLANG_WARN_BOOL_CONVERSION = YES;
				CLANG_WARN_CONSTANT_CONVERSION = YES;
				CLANG_WARN_DIRECT_OBJC_ISA_USAGE = YES_ERROR;
				CLANG_WARN_DOCUMENTATION_COMMENTS = YES;
				CLANG_WARN_EMPTY_BODY = YES;
				CLANG_WARN_ENUM_CONVERSION = YES;
				CLANG_WARN_INFINITE_RECURSION = YES;
				CLANG_WARN_INT_CONVERSION = YES;
				CLANG_WARN_OBJC_ROOT_CLASS = YES_ERROR;
				CLANG_WARN_SUSPICIOUS_MOVE = YES;
				CLANG_WARN_UNREACHABLE_CODE = YES;
				CLANG_WARN__DUPLICATE_METHOD_MATCH = YES;
				CODE_SIGN_IDENTITY = "-";
				COPY_PHASE_STRIP = NO;
				DEBUG_INFORMATION_FORMAT = "dwarf-with-dsym";
				ENABLE_NS_ASSERTIONS = NO;
				ENABLE_STRICT_OBJC_MSGSEND = YES;
				GCC_C_LANGUAGE_STANDARD = gnu99;
				GCC_NO_COMMON_BLOCKS = YES;
				GCC_WARN_64_TO_32_BIT_CONVERSION = YES;
				GCC_WARN_ABOUT_RETURN_TYPE = YES_ERROR;
				GCC_WARN_UNDECLARED_SELECTOR = YES;
				GCC_WARN_UNINITIALIZED_AUTOS = YES_AGGRESSIVE;
				GCC_WARN_UNUSED_FUNCTION = YES;
				GCC_WARN_UNUSED_VARIABLE = YES;
				MACOSX_DEPLOYMENT_TARGET = 10.12;
				MTL_ENABLE_DEBUG_INFO = NO;
				SDKROOT = macosx;
			};
			name = Release;
		};
		9CD7F8991E5526CA0095A10E /* Debug */ = {
			isa = XCBuildConfiguration;
			buildSettings = {
				DEVELOPMENT_TEAM = GUU7RMJ73D;
				FRAMEWORK_SEARCH_PATHS = (
					"$(inherited)",
					"$(PROJECT_DIR)/Frameworks",
				);
				PRODUCT_NAME = "$(TARGET_NAME)";
			};
			name = Debug;
		};
		9CD7F89A1E5526CA0095A10E /* Release */ = {
			isa = XCBuildConfiguration;
			buildSettings = {
				DEVELOPMENT_TEAM = GUU7RMJ73D;
				FRAMEWORK_SEARCH_PATHS = (
					"$(inherited)",
					"$(PROJECT_DIR)/Frameworks",
				);
				PRODUCT_NAME = "$(TARGET_NAME)";
			};
			name = Release;
		};
/* End XCBuildConfiguration section */

/* Begin XCConfigurationList section */
		9CD7F88C1E5526CA0095A10E /* Build configuration list for PBXProject "CS537PA2" */ = {
			isa = XCConfigurationList;
			buildConfigurations = (
				9CD7F8961E5526CA0095A10E /* Debug */,
				9CD7F8971E5526CA0095A10E /* Release */,
			);
			defaultConfigurationIsVisible = 0;
			defaultConfigurationName = Release;
		};
		9CD7F8981E5526CA0095A10E /* Build configuration list for PBXNativeTarget "CS537PA2" */ = {
			isa = XCConfigurationList;
			buildConfigurations = (
				9CD7F8991E5526CA0095A10E /* Debug */,
				9CD7F89A1E5526CA0095A10E /* Release */,
			);
			defaultConfigurationIsVisible = 0;
			defaultConfigurationName = Release;
		};
/* End XCConfigurationList section */
	};
	rootObject = 9CD7F8891E5526CA0095A10E /* Project object */;
}
